
Microsoft Visual Studio Solution File, Format Version 12.00
# Visual Studio 15
VisualStudioVersion = 15.0.28307.329
MinimumVisualStudioVersion = 10.0.40219.1
Project("{FAE04EC0-301F-11D3-BF4B-00C04F79EFBC}") = "App1.Android", "App1\App1.Android\App1.Android.csproj", "{24CE3C36-16B9-426D-AA0C-5961ECF8D88C}"
EndProject
Project("{FAE04EC0-301F-11D3-BF4B-00C04F79EFBC}") = "App1.iOS", "App1\App1.iOS\App1.iOS.csproj", "{A4322663-723E-4DF3-B72A-626880F6CD47}"
EndProject
Project("{FAE04EC0-301F-11D3-BF4B-00C04F79EFBC}") = "App1.UWP", "App1\App1.UWP\App1.UWP.csproj", "{8EC90010-B637-4608-B5BC-92ABDD04ED41}"
EndProject
Project("{FAE04EC0-301F-11D3-BF4B-00C04F79EFBC}") = "App1", "App1\App1\App1.csproj", "{A36CB576-E389-468B-994F-12D1C5507F9F}"
EndProject
Global
	GlobalSection(SolutionConfigurationPlatforms) = preSolution
		Debug|Any CPU = Debug|Any CPU
		Debug|ARM = Debug|ARM
		Debug|iPhone = Debug|iPhone
		Debug|iPhoneSimulator = Debug|iPhoneSimulator
		Debug|x64 = Debug|x64
		Debug|x86 = Debug|x86
		Release|Any CPU = Release|Any CPU
		Release|ARM = Release|ARM
		Release|iPhone = Release|iPhone
		Release|iPhoneSimulator = Release|iPhoneSimulator
		Release|x64 = Release|x64
		Release|x86 = Release|x86
	EndGlobalSection
	GlobalSection(ProjectConfigurationPlatforms) = postSolution
		{24CE3C36-16B9-426D-AA0C-5961ECF8D88C}.Debug|Any CPU.ActiveCfg = Debug|Any CPU
		{24CE3C36-16B9-426D-AA0C-5961ECF8D88C}.Debug|Any CPU.Build.0 = Debug|Any CPU
		{24CE3C36-16B9-426D-AA0C-5961ECF8D88C}.Debug|Any CPU.Deploy.0 = Debug|Any CPU
		{24CE3C36-16B9-426D-AA0C-5961ECF8D88C}.Debug|ARM.ActiveCfg = Debug|Any CPU
		{24CE3C36-16B9-426D-AA0C-5961ECF8D88C}.Debug|ARM.Build.0 = Debug|Any CPU
		{24CE3C36-16B9-426D-AA0C-5961ECF8D88C}.Debug|ARM.Deploy.0 = Debug|Any CPU
		{24CE3C36-16B9-426D-AA0C-5961ECF8D88C}.Debug|iPhone.ActiveCfg = Debug|Any CPU
		{24CE3C36-16B9-426D-AA0C-5961ECF8D88C}.Debug|iPhone.Build.0 = Debug|Any CPU
		{24CE3C36-16B9-426D-AA0C-5961ECF8D88C}.Debug|iPhone.Deploy.0 = Debug|Any CPU
		{24CE3C36-16B9-426D-AA0C-5961ECF8D88C}.Debug|iPhoneSimulator.ActiveCfg = Debug|Any CPU
		{24CE3C36-16B9-426D-AA0C-5961ECF8D88C}.Debug|iPhoneSimulator.Build.0 = Debug|Any CPU
		{24CE3C36-16B9-426D-AA0C-5961ECF8D88C}.Debug|iPhoneSimulator.Deploy.0 = Debug|Any CPU
		{24CE3C36-16B9-426D-AA0C-5961ECF8D88C}.Debug|x64.ActiveCfg = Debug|Any CPU
		{24CE3C36-16B9-426D-AA0C-5961ECF8D88C}.Debug|x64.Build.0 = Debug|Any CPU
		{24CE3C36-16B9-426D-AA0C-5961ECF8D88C}.Debug|x64.Deploy.0 = Debug|Any CPU
		{24CE3C36-16B9-426D-AA0C-5961ECF8D88C}.Debug|x86.ActiveCfg = Debug|Any CPU
		{24CE3C36-16B9-426D-AA0C-5961ECF8D88C}.Debug|x86.Build.0 = Debug|Any CPU
		{24CE3C36-16B9-426D-AA0C-5961ECF8D88C}.Debug|x86.Deploy.0 = Debug|Any CPU
		{24CE3C36-16B9-426D-AA0C-5961ECF8D88C}.Release|Any CPU.ActiveCfg = Release|Any CPU
		{24CE3C36-16B9-426D-AA0C-5961ECF8D88C}.Release|Any CPU.Build.0 = Release|Any CPU
		{24CE3C36-16B9-426D-AA0C-5961ECF8D88C}.Release|Any CPU.Deploy.0 = Release|Any CPU
		{24CE3C36-16B9-426D-AA0C-5961ECF8D88C}.Release|ARM.ActiveCfg = Release|Any CPU
		{24CE3C36-16B9-426D-AA0C-5961ECF8D88C}.Release|ARM.Build.0 = Release|Any CPU
		{24CE3C36-16B9-426D-AA0C-5961ECF8D88C}.Release|ARM.Deploy.0 = Release|Any CPU
		{24CE3C36-16B9-426D-AA0C-5961ECF8D88C}.Release|iPhone.ActiveCfg = Release|Any CPU
		{24CE3C36-16B9-426D-AA0C-5961ECF8D88C}.Release|iPhone.Build.0 = Release|Any CPU
		{24CE3C36-16B9-426D-AA0C-5961ECF8D88C}.Release|iPhone.Deploy.0 = Release|Any CPU
		{24CE3C36-16B9-426D-AA0C-5961ECF8D88C}.Release|iPhoneSimulator.ActiveCfg = Release|Any CPU
		{24CE3C36-16B9-426D-AA0C-5961ECF8D88C}.Release|iPhoneSimulator.Build.0 = Release|Any CPU
		{24CE3C36-16B9-426D-AA0C-5961ECF8D88C}.Release|iPhoneSimulator.Deploy.0 = Release|Any CPU
		{24CE3C36-16B9-426D-AA0C-5961ECF8D88C}.Release|x64.ActiveCfg = Release|Any CPU
		{24CE3C36-16B9-426D-AA0C-5961ECF8D88C}.Release|x64.Build.0 = Release|Any CPU
		{24CE3C36-16B9-426D-AA0C-5961ECF8D88C}.Release|x64.Deploy.0 = Release|Any CPU
		{24CE3C36-16B9-426D-AA0C-5961ECF8D88C}.Release|x86.ActiveCfg = Release|Any CPU
		{24CE3C36-16B9-426D-AA0C-5961ECF8D88C}.Release|x86.Build.0 = Release|Any CPU
		{24CE3C36-16B9-426D-AA0C-5961ECF8D88C}.Release|x86.Deploy.0 = Release|Any CPU
		{A4322663-723E-4DF3-B72A-626880F6CD47}.Debug|Any CPU.ActiveCfg = Debug|iPhoneSimulator
		{A4322663-723E-4DF3-B72A-626880F6CD47}.Debug|Any CPU.Build.0 = Debug|iPhoneSimulator
		{A4322663-723E-4DF3-B72A-626880F6CD47}.Debug|Any CPU.Deploy.0 = Debug|iPhoneSimulator
		{A4322663-723E-4DF3-B72A-626880F6CD47}.Debug|ARM.ActiveCfg = Debug|iPhone
		{A4322663-723E-4DF3-B72A-626880F6CD47}.Debug|ARM.Build.0 = Debug|iPhone
		{A4322663-723E-4DF3-B72A-626880F6CD47}.Debug|ARM.Deploy.0 = Debug|iPhone
		{A4322663-723E-4DF3-B72A-626880F6CD47}.Debug|iPhone.ActiveCfg = Debug|iPhone
		{A4322663-723E-4DF3-B72A-626880F6CD47}.Debug|iPhone.Build.0 = Debug|iPhone
		{A4322663-723E-4DF3-B72A-626880F6CD47}.Debug|iPhone.Deploy.0 = Debug|iPhone
		{A4322663-723E-4DF3-B72A-626880F6CD47}.Debug|iPhoneSimulator.ActiveCfg = Debug|iPhoneSimulator
		{A4322663-723E-4DF3-B72A-626880F6CD47}.Debug|iPhoneSimulator.Build.0 = Debug|iPhoneSimulator
		{A4322663-723E-4DF3-B72A-626880F6CD47}.Debug|iPhoneSimulator.Deploy.0 = Debug|iPhoneSimulator
		{A4322663-723E-4DF3-B72A-626880F6CD47}.Debug|x64.ActiveCfg = Debug|iPhone
		{A4322663-723E-4DF3-B72A-626880F6CD47}.Debug|x64.Build.0 = Debug|iPhone
		{A4322663-723E-4DF3-B72A-626880F6CD47}.Debug|x64.Deploy.0 = Debug|iPhone
		{A4322663-723E-4DF3-B72A-626880F6CD47}.Debug|x86.ActiveCfg = Debug|iPhone
		{A4322663-723E-4DF3-B72A-626880F6CD47}.Debug|x86.Build.0 = Debug|iPhone
		{A4322663-723E-4DF3-B72A-626880F6CD47}.Debug|x86.Deploy.0 = Debug|iPhone
		{A4322663-723E-4DF3-B72A-626880F6CD47}.Release|Any CPU.ActiveCfg = Release|iPhone
		{A4322663-723E-4DF3-B72A-626880F6CD47}.Release|Any CPU.Build.0 = Release|iPhone
		{A4322663-723E-4DF3-B72A-626880F6CD47}.Release|Any CPU.Deploy.0 = Release|iPhone
		{A4322663-723E-4DF3-B72A-626880F6CD47}.Release|ARM.ActiveCfg = Release|iPhone
		{A4322663-723E-4DF3-B72A-626880F6CD47}.Release|ARM.Build.0 = Release|iPhone
		{A4322663-723E-4DF3-B72A-626880F6CD47}.Release|ARM.Deploy.0 = Release|iPhone
		{A4322663-723E-4DF3-B72A-626880F6CD47}.Release|iPhone.ActiveCfg = Release|iPhone
		{A4322663-723E-4DF3-B72A-626880F6CD47}.Release|iPhone.Build.0 = Release|iPhone
		{A4322663-723E-4DF3-B72A-626880F6CD47}.Release|iPhone.Deploy.0 = Release|iPhone
		{A4322663-723E-4DF3-B72A-626880F6CD47}.Release|iPhoneSimulator.ActiveCfg = Release|iPhoneSimulator
		{A4322663-723E-4DF3-B72A-626880F6CD47}.Release|iPhoneSimulator.Build.0 = Release|iPhoneSimulator
		{A4322663-723E-4DF3-B72A-626880F6CD47}.Release|iPhoneSimulator.Deploy.0 = Release|iPhoneSimulator
		{A4322663-723E-4DF3-B72A-626880F6CD47}.Release|x64.ActiveCfg = Release|iPhone
		{A4322663-723E-4DF3-B72A-626880F6CD47}.Release|x64.Build.0 = Release|iPhone
		{A4322663-723E-4DF3-B72A-626880F6CD47}.Release|x64.Deploy.0 = Release|iPhone
		{A4322663-723E-4DF3-B72A-626880F6CD47}.Release|x86.ActiveCfg = Release|iPhone
		{A4322663-723E-4DF3-B72A-626880F6CD47}.Release|x86.Build.0 = Release|iPhone
		{A4322663-723E-4DF3-B72A-626880F6CD47}.Release|x86.Deploy.0 = Release|iPhone
		{8EC90010-B637-4608-B5BC-92ABDD04ED41}.Debug|Any CPU.ActiveCfg = Debug|x86
		{8EC90010-B637-4608-B5BC-92ABDD04ED41}.Debug|Any CPU.Build.0 = Debug|x86
		{8EC90010-B637-4608-B5BC-92ABDD04ED41}.Debug|Any CPU.Deploy.0 = Debug|x86
		{8EC90010-B637-4608-B5BC-92ABDD04ED41}.Debug|ARM.ActiveCfg = Debug|ARM
		{8EC90010-B637-4608-B5BC-92ABDD04ED41}.Debug|ARM.Build.0 = Debug|ARM
		{8EC90010-B637-4608-B5BC-92ABDD04ED41}.Debug|ARM.Deploy.0 = Debug|ARM
		{8EC90010-B637-4608-B5BC-92ABDD04ED41}.Debug|iPhone.ActiveCfg = Debug|x86
		{8EC90010-B637-4608-B5BC-92ABDD04ED41}.Debug|iPhone.Build.0 = Debug|x86
		{8EC90010-B637-4608-B5BC-92ABDD04ED41}.Debug|iPhone.Deploy.0 = Debug|x86
		{8EC90010-B637-4608-B5BC-92ABDD04ED41}.Debug|iPhoneSimulator.ActiveCfg = Debug|x86
		{8EC90010-B637-4608-B5BC-92ABDD04ED41}.Debug|iPhoneSimulator.Build.0 = Debug|x86
		{8EC90010-B637-4608-B5BC-92ABDD04ED41}.Debug|iPhoneSimulator.Deploy.0 = Debug|x86
		{8EC90010-B637-4608-B5BC-92ABDD04ED41}.Debug|x64.ActiveCfg = Debug|x64
		{8EC90010-B637-4608-B5BC-92ABDD04ED41}.Debug|x64.Build.0 = Debug|x64
		{8EC90010-B637-4608-B5BC-92ABDD04ED41}.Debug|x64.Deploy.0 = Debug|x64
		{8EC90010-B637-4608-B5BC-92ABDD04ED41}.Debug|x86.ActiveCfg = Debug|x86
		{8EC90010-B637-4608-B5BC-92ABDD04ED41}.Debug|x86.Build.0 = Debug|x86
		{8EC90010-B637-4608-B5BC-92ABDD04ED41}.Debug|x86.Deploy.0 = Debug|x86
		{8EC90010-B637-4608-B5BC-92ABDD04ED41}.Release|Any CPU.ActiveCfg = Release|x86
		{8EC90010-B637-4608-B5BC-92ABDD04ED41}.Release|Any CPU.Build.0 = Release|x86
		{8EC90010-B637-4608-B5BC-92ABDD04ED41}.Release|Any CPU.Deploy.0 = Release|x86
		{8EC90010-B637-4608-B5BC-92ABDD04ED41}.Release|ARM.ActiveCfg = Release|ARM
		{8EC90010-B637-4608-B5BC-92ABDD04ED41}.Release|ARM.Build.0 = Release|ARM
		{8EC90010-B637-4608-B5BC-92ABDD04ED41}.Release|ARM.Deploy.0 = Release|ARM
		{8EC90010-B637-4608-B5BC-92ABDD04ED41}.Release|iPhone.ActiveCfg = Release|x86
		{8EC90010-B637-4608-B5BC-92ABDD04ED41}.Release|iPhone.Build.0 = Release|x86
		{8EC90010-B637-4608-B5BC-92ABDD04ED41}.Release|iPhone.Deploy.0 = Release|x86
		{8EC90010-B637-4608-B5BC-92ABDD04ED41}.Release|iPhoneSimulator.ActiveCfg = Release|x86
		{8EC90010-B637-4608-B5BC-92ABDD04ED41}.Release|iPhoneSimulator.Build.0 = Release|x86
		{8EC90010-B637-4608-B5BC-92ABDD04ED41}.Release|iPhoneSimulator.Deploy.0 = Release|x86
		{8EC90010-B637-4608-B5BC-92ABDD04ED41}.Release|x64.ActiveCfg = Release|x64
		{8EC90010-B637-4608-B5BC-92ABDD04ED41}.Release|x64.Build.0 = Release|x64
		{8EC90010-B637-4608-B5BC-92ABDD04ED41}.Release|x64.Deploy.0 = Release|x64
		{8EC90010-B637-4608-B5BC-92ABDD04ED41}.Release|x86.ActiveCfg = Release|x86
		{8EC90010-B637-4608-B5BC-92ABDD04ED41}.Release|x86.Build.0 = Release|x86
		{8EC90010-B637-4608-B5BC-92ABDD04ED41}.Release|x86.Deploy.0 = Release|x86
		{A36CB576-E389-468B-994F-12D1C5507F9F}.Debug|Any CPU.ActiveCfg = Debug|Any CPU
		{A36CB576-E389-468B-994F-12D1C5507F9F}.Debug|Any CPU.Build.0 = Debug|Any CPU
		{A36CB576-E389-468B-994F-12D1C5507F9F}.Debug|Any CPU.Deploy.0 = Debug|Any CPU
		{A36CB576-E389-468B-994F-12D1C5507F9F}.Debug|ARM.ActiveCfg = Debug|Any CPU
		{A36CB576-E389-468B-994F-12D1C5507F9F}.Debug|ARM.Build.0 = Debug|Any CPU
		{A36CB576-E389-468B-994F-12D1C5507F9F}.Debug|ARM.Deploy.0 = Debug|Any CPU
		{A36CB576-E389-468B-994F-12D1C5507F9F}.Debug|iPhone.ActiveCfg = Debug|Any CPU
		{A36CB576-E389-468B-994F-12D1C5507F9F}.Debug|iPhone.Build.0 = Debug|Any CPU
		{A36CB576-E389-468B-994F-12D1C5507F9F}.Debug|iPhone.Deploy.0 = Debug|Any CPU
		{A36CB576-E389-468B-994F-12D1C5507F9F}.Debug|iPhoneSimulator.ActiveCfg = Debug|Any CPU
		{A36CB576-E389-468B-994F-12D1C5507F9F}.Debug|iPhoneSimulator.Build.0 = Debug|Any CPU
		{A36CB576-E389-468B-994F-12D1C5507F9F}.Debug|iPhoneSimulator.Deploy.0 = Debug|Any CPU
		{A36CB576-E389-468B-994F-12D1C5507F9F}.Debug|x64.ActiveCfg = Debug|Any CPU
		{A36CB576-E389-468B-994F-12D1C5507F9F}.Debug|x64.Build.0 = Debug|Any CPU
		{A36CB576-E389-468B-994F-12D1C5507F9F}.Debug|x64.Deploy.0 = Debug|Any CPU
		{A36CB576-E389-468B-994F-12D1C5507F9F}.Debug|x86.ActiveCfg = Debug|Any CPU
		{A36CB576-E389-468B-994F-12D1C5507F9F}.Debug|x86.Build.0 = Debug|Any CPU
		{A36CB576-E389-468B-994F-12D1C5507F9F}.Debug|x86.Deploy.0 = Debug|Any CPU
		{A36CB576-E389-468B-994F-12D1C5507F9F}.Release|Any CPU.ActiveCfg = Release|Any CPU
		{A36CB576-E389-468B-994F-12D1C5507F9F}.Release|Any CPU.Build.0 = Release|Any CPU
		{A36CB576-E389-468B-994F-12D1C5507F9F}.Release|Any CPU.Deploy.0 = Release|Any CPU
		{A36CB576-E389-468B-994F-12D1C5507F9F}.Release|ARM.ActiveCfg = Release|Any CPU
		{A36CB576-E389-468B-994F-12D1C5507F9F}.Release|ARM.Build.0 = Release|Any CPU
		{A36CB576-E389-468B-994F-12D1C5507F9F}.Release|ARM.Deploy.0 = Release|Any CPU
		{A36CB576-E389-468B-994F-12D1C5507F9F}.Release|iPhone.ActiveCfg = Release|Any CPU
		{A36CB576-E389-468B-994F-12D1C5507F9F}.Release|iPhone.Build.0 = Release|Any CPU
		{A36CB576-E389-468B-994F-12D1C5507F9F}.Release|iPhone.Deploy.0 = Release|Any CPU
		{A36CB576-E389-468B-994F-12D1C5507F9F}.Release|iPhoneSimulator.ActiveCfg = Release|Any CPU
		{A36CB576-E389-468B-994F-12D1C5507F9F}.Release|iPhoneSimulator.Build.0 = Release|Any CPU
		{A36CB576-E389-468B-994F-12D1C5507F9F}.Release|iPhoneSimulator.Deploy.0 = Release|Any CPU
		{A36CB576-E389-468B-994F-12D1C5507F9F}.Release|x64.ActiveCfg = Release|Any CPU
		{A36CB576-E389-468B-994F-12D1C5507F9F}.Release|x64.Build.0 = Release|Any CPU
		{A36CB576-E389-468B-994F-12D1C5507F9F}.Release|x64.Deploy.0 = Release|Any CPU
		{A36CB576-E389-468B-994F-12D1C5507F9F}.Release|x86.ActiveCfg = Release|Any CPU
		{A36CB576-E389-468B-994F-12D1C5507F9F}.Release|x86.Build.0 = Release|Any CPU
		{A36CB576-E389-468B-994F-12D1C5507F9F}.Release|x86.Deploy.0 = Release|Any CPU
	EndGlobalSection
	GlobalSection(SolutionProperties) = preSolution
		HideSolutionNode = FALSE
	EndGlobalSection
	GlobalSection(ExtensibilityGlobals) = postSolution
		SolutionGuid = {22A1D6C8-E342-48BF-9625-834FE48DE0C1}
	EndGlobalSection
EndGlobal
